// !$*UTF8*$!
{
	archiveVersion = 1;
	classes = {
	};
	objectVersion = 48;
	objects = {

/* Begin PBXBuildFile section */
		1693B3E649EFC99F07BC27DB /* Pods_402ProjUITests.framework in Frameworks */ = {isa = PBXBuildFile; fileRef = 4B24F80721DA7ABA6E64AAA1 /* Pods_402ProjUITests.framework */; };
		41C0F7630029C224390DB654 /* Pods_402Proj.framework in Frameworks */ = {isa = PBXBuildFile; fileRef = 54342DEEF16BAA10FF651554 /* Pods_402Proj.framework */; };
		4A72B1974F2259A47DB5F35B /* Pods_402ProjTests.framework in Frameworks */ = {isa = PBXBuildFile; fileRef = 61B0683DD0A5FF65843AEEFA /* Pods_402ProjTests.framework */; };
		FC7E50C4203A82D800F16ED6 /* UserViewControllerSettings.swift in Sources */ = {isa = PBXBuildFile; fileRef = FC7E50C3203A82D800F16ED6 /* UserViewControllerSettings.swift */; };
		FC9A5FD2201EF3BB007144B5 /* UserViewController.swift in Sources */ = {isa = PBXBuildFile; fileRef = FC9A5FD1201EF3BB007144B5 /* UserViewController.swift */; };
		FC9A5FD520200BE6007144B5 /* UserViewControllerAlly.swift in Sources */ = {isa = PBXBuildFile; fileRef = FC9A5FD420200BE6007144B5 /* UserViewControllerAlly.swift */; };
		FC9A5FD720200D6A007144B5 /* UserViewControllerEducation.swift in Sources */ = {isa = PBXBuildFile; fileRef = FC9A5FD620200D6A007144B5 /* UserViewControllerEducation.swift */; };
		FC9A5FD920200DF8007144B5 /* UserViewControllerLegal.swift in Sources */ = {isa = PBXBuildFile; fileRef = FC9A5FD820200DF8007144B5 /* UserViewControllerLegal.swift */; };
		FC9A5FDB20200E7E007144B5 /* UserViewControllerChildren.swift in Sources */ = {isa = PBXBuildFile; fileRef = FC9A5FDA20200E7E007144B5 /* UserViewControllerChildren.swift */; };
		FC9A5FDD20201187007144B5 /* UserViewControllerUndocumented.swift in Sources */ = {isa = PBXBuildFile; fileRef = FC9A5FDC20201187007144B5 /* UserViewControllerUndocumented.swift */; };
		FC9A5FDF20201205007144B5 /* UserViewControllerShelter.swift in Sources */ = {isa = PBXBuildFile; fileRef = FC9A5FDE20201205007144B5 /* UserViewControllerShelter.swift */; };
		FCD70FA9201EA31C0017374D /* AppDelegate.swift in Sources */ = {isa = PBXBuildFile; fileRef = FCD70FA8201EA31C0017374D /* AppDelegate.swift */; };
		FCD70FAB201EA31C0017374D /* ViewController.swift in Sources */ = {isa = PBXBuildFile; fileRef = FCD70FAA201EA31C0017374D /* ViewController.swift */; };
		FCD70FAE201EA31C0017374D /* Main.storyboard in Resources */ = {isa = PBXBuildFile; fileRef = FCD70FAC201EA31C0017374D /* Main.storyboard */; };
		FCD70FB0201EA31C0017374D /* Assets.xcassets in Resources */ = {isa = PBXBuildFile; fileRef = FCD70FAF201EA31C0017374D /* Assets.xcassets */; };
		FCD70FB3201EA31C0017374D /* LaunchScreen.storyboard in Resources */ = {isa = PBXBuildFile; fileRef = FCD70FB1201EA31C0017374D /* LaunchScreen.storyboard */; };
		FCD70FBE201EA31C0017374D /* _02ProjTests.swift in Sources */ = {isa = PBXBuildFile; fileRef = FCD70FBD201EA31C0017374D /* _02ProjTests.swift */; };
		FCD70FC9201EA31C0017374D /* _02ProjUITests.swift in Sources */ = {isa = PBXBuildFile; fileRef = FCD70FC8201EA31C0017374D /* _02ProjUITests.swift */; };
/* End PBXBuildFile section */

/* Begin PBXContainerItemProxy section */
		FCD70FBA201EA31C0017374D /* PBXContainerItemProxy */ = {
			isa = PBXContainerItemProxy;
			containerPortal = FCD70F9D201EA31C0017374D /* Project object */;
			proxyType = 1;
			remoteGlobalIDString = FCD70FA4201EA31C0017374D;
			remoteInfo = 402Proj;
		};
		FCD70FC5201EA31C0017374D /* PBXContainerItemProxy */ = {
			isa = PBXContainerItemProxy;
			containerPortal = FCD70F9D201EA31C0017374D /* Project object */;
			proxyType = 1;
			remoteGlobalIDString = FCD70FA4201EA31C0017374D;
			remoteInfo = 402Proj;
		};
/* End PBXContainerItemProxy section */

/* Begin PBXFileReference section */
		07DB54AD7A0916D9A3E820D6 /* Pods-402ProjUITests.release.xcconfig */ = {isa = PBXFileReference; includeInIndex = 1; lastKnownFileType = text.xcconfig; name = "Pods-402ProjUITests.release.xcconfig"; path = "Pods/Target Support Files/Pods-402ProjUITests/Pods-402ProjUITests.release.xcconfig"; sourceTree = "<group>"; };
		3697253AED55EEDBFB8B1C74 /* Pods-402ProjTests.release.xcconfig */ = {isa = PBXFileReference; includeInIndex = 1; lastKnownFileType = text.xcconfig; name = "Pods-402ProjTests.release.xcconfig"; path = "Pods/Target Support Files/Pods-402ProjTests/Pods-402ProjTests.release.xcconfig"; sourceTree = "<group>"; };
		4A76AABE795FB295D55CE65C /* Pods-402Proj.debug.xcconfig */ = {isa = PBXFileReference; includeInIndex = 1; lastKnownFileType = text.xcconfig; name = "Pods-402Proj.debug.xcconfig"; path = "Pods/Target Support Files/Pods-402Proj/Pods-402Proj.debug.xcconfig"; sourceTree = "<group>"; };
		4B24F80721DA7ABA6E64AAA1 /* Pods_402ProjUITests.framework */ = {isa = PBXFileReference; explicitFileType = wrapper.framework; includeInIndex = 0; path = Pods_402ProjUITests.framework; sourceTree = BUILT_PRODUCTS_DIR; };
		54342DEEF16BAA10FF651554 /* Pods_402Proj.framework */ = {isa = PBXFileReference; explicitFileType = wrapper.framework; includeInIndex = 0; path = Pods_402Proj.framework; sourceTree = BUILT_PRODUCTS_DIR; };
		61B0683DD0A5FF65843AEEFA /* Pods_402ProjTests.framework */ = {isa = PBXFileReference; explicitFileType = wrapper.framework; includeInIndex = 0; path = Pods_402ProjTests.framework; sourceTree = BUILT_PRODUCTS_DIR; };
		6B66CB3333E97DEC9FEC5F3D /* Pods-402ProjTests.debug.xcconfig */ = {isa = PBXFileReference; includeInIndex = 1; lastKnownFileType = text.xcconfig; name = "Pods-402ProjTests.debug.xcconfig"; path = "Pods/Target Support Files/Pods-402ProjTests/Pods-402ProjTests.debug.xcconfig"; sourceTree = "<group>"; };
		7FE9B798462890E2FAF14034 /* Pods-402Proj.release.xcconfig */ = {isa = PBXFileReference; includeInIndex = 1; lastKnownFileType = text.xcconfig; name = "Pods-402Proj.release.xcconfig"; path = "Pods/Target Support Files/Pods-402Proj/Pods-402Proj.release.xcconfig"; sourceTree = "<group>"; };
		8D2265F3AF3B0DABB2D133C3 /* Pods-402ProjUITests.debug.xcconfig */ = {isa = PBXFileReference; includeInIndex = 1; lastKnownFileType = text.xcconfig; name = "Pods-402ProjUITests.debug.xcconfig"; path = "Pods/Target Support Files/Pods-402ProjUITests/Pods-402ProjUITests.debug.xcconfig"; sourceTree = "<group>"; };
		FC7E50C3203A82D800F16ED6 /* UserViewControllerSettings.swift */ = {isa = PBXFileReference; lastKnownFileType = sourcecode.swift; path = UserViewControllerSettings.swift; sourceTree = "<group>"; };
		FC9A5FD1201EF3BB007144B5 /* UserViewController.swift */ = {isa = PBXFileReference; lastKnownFileType = sourcecode.swift; path = UserViewController.swift; sourceTree = "<group>"; };
		FC9A5FD420200BE6007144B5 /* UserViewControllerAlly.swift */ = {isa = PBXFileReference; lastKnownFileType = sourcecode.swift; path = UserViewControllerAlly.swift; sourceTree = "<group>"; };
		FC9A5FD620200D6A007144B5 /* UserViewControllerEducation.swift */ = {isa = PBXFileReference; lastKnownFileType = sourcecode.swift; path = UserViewControllerEducation.swift; sourceTree = "<group>"; };
		FC9A5FD820200DF8007144B5 /* UserViewControllerLegal.swift */ = {isa = PBXFileReference; lastKnownFileType = sourcecode.swift; path = UserViewControllerLegal.swift; sourceTree = "<group>"; };
		FC9A5FDA20200E7E007144B5 /* UserViewControllerChildren.swift */ = {isa = PBXFileReference; lastKnownFileType = sourcecode.swift; path = UserViewControllerChildren.swift; sourceTree = "<group>"; };
		FC9A5FDC20201187007144B5 /* UserViewControllerUndocumented.swift */ = {isa = PBXFileReference; lastKnownFileType = sourcecode.swift; path = UserViewControllerUndocumented.swift; sourceTree = "<group>"; };
		FC9A5FDE20201205007144B5 /* UserViewControllerShelter.swift */ = {isa = PBXFileReference; lastKnownFileType = sourcecode.swift; path = UserViewControllerShelter.swift; sourceTree = "<group>"; };
		FCD70FA5201EA31C0017374D /* 402Proj.app */ = {isa = PBXFileReference; explicitFileType = wrapper.application; includeInIndex = 0; path = 402Proj.app; sourceTree = BUILT_PRODUCTS_DIR; };
		FCD70FA8201EA31C0017374D /* AppDelegate.swift */ = {isa = PBXFileReference; lastKnownFileType = sourcecode.swift; path = AppDelegate.swift; sourceTree = "<group>"; };
		FCD70FAA201EA31C0017374D /* ViewController.swift */ = {isa = PBXFileReference; lastKnownFileType = sourcecode.swift; path = ViewController.swift; sourceTree = "<group>"; };
		FCD70FAD201EA31C0017374D /* Base */ = {isa = PBXFileReference; lastKnownFileType = file.storyboard; name = Base; path = Base.lproj/Main.storyboard; sourceTree = "<group>"; };
		FCD70FAF201EA31C0017374D /* Assets.xcassets */ = {isa = PBXFileReference; lastKnownFileType = folder.assetcatalog; path = Assets.xcassets; sourceTree = "<group>"; };
		FCD70FB2201EA31C0017374D /* Base */ = {isa = PBXFileReference; lastKnownFileType = file.storyboard; name = Base; path = Base.lproj/LaunchScreen.storyboard; sourceTree = "<group>"; };
		FCD70FB4201EA31C0017374D /* Info.plist */ = {isa = PBXFileReference; lastKnownFileType = text.plist.xml; path = Info.plist; sourceTree = "<group>"; };
		FCD70FB9201EA31C0017374D /* 402ProjTests.xctest */ = {isa = PBXFileReference; explicitFileType = wrapper.cfbundle; includeInIndex = 0; path = 402ProjTests.xctest; sourceTree = BUILT_PRODUCTS_DIR; };
		FCD70FBD201EA31C0017374D /* _02ProjTests.swift */ = {isa = PBXFileReference; lastKnownFileType = sourcecode.swift; path = _02ProjTests.swift; sourceTree = "<group>"; };
		FCD70FBF201EA31C0017374D /* Info.plist */ = {isa = PBXFileReference; lastKnownFileType = text.plist.xml; path = Info.plist; sourceTree = "<group>"; };
		FCD70FC4201EA31C0017374D /* 402ProjUITests.xctest */ = {isa = PBXFileReference; explicitFileType = wrapper.cfbundle; includeInIndex = 0; path = 402ProjUITests.xctest; sourceTree = BUILT_PRODUCTS_DIR; };
		FCD70FC8201EA31C0017374D /* _02ProjUITests.swift */ = {isa = PBXFileReference; lastKnownFileType = sourcecode.swift; path = _02ProjUITests.swift; sourceTree = "<group>"; };
		FCD70FCA201EA31C0017374D /* Info.plist */ = {isa = PBXFileReference; lastKnownFileType = text.plist.xml; path = Info.plist; sourceTree = "<group>"; };
/* End PBXFileReference section */

/* Begin PBXFrameworksBuildPhase section */
		FCD70FA2201EA31C0017374D /* Frameworks */ = {
			isa = PBXFrameworksBuildPhase;
			buildActionMask = 2147483647;
			files = (
				41C0F7630029C224390DB654 /* Pods_402Proj.framework in Frameworks */,
			);
			runOnlyForDeploymentPostprocessing = 0;
		};
		FCD70FB6201EA31C0017374D /* Frameworks */ = {
			isa = PBXFrameworksBuildPhase;
			buildActionMask = 2147483647;
			files = (
				4A72B1974F2259A47DB5F35B /* Pods_402ProjTests.framework in Frameworks */,
			);
			runOnlyForDeploymentPostprocessing = 0;
		};
		FCD70FC1201EA31C0017374D /* Frameworks */ = {
			isa = PBXFrameworksBuildPhase;
			buildActionMask = 2147483647;
			files = (
				1693B3E649EFC99F07BC27DB /* Pods_402ProjUITests.framework in Frameworks */,
			);
			runOnlyForDeploymentPostprocessing = 0;
		};
/* End PBXFrameworksBuildPhase section */

/* Begin PBXGroup section */
		4C5935C802FE6D3E510C29D5 /* Pods */ = {
			isa = PBXGroup;
			children = (
				4A76AABE795FB295D55CE65C /* Pods-402Proj.debug.xcconfig */,
				7FE9B798462890E2FAF14034 /* Pods-402Proj.release.xcconfig */,
				6B66CB3333E97DEC9FEC5F3D /* Pods-402ProjTests.debug.xcconfig */,
				3697253AED55EEDBFB8B1C74 /* Pods-402ProjTests.release.xcconfig */,
				8D2265F3AF3B0DABB2D133C3 /* Pods-402ProjUITests.debug.xcconfig */,
				07DB54AD7A0916D9A3E820D6 /* Pods-402ProjUITests.release.xcconfig */,
			);
			name = Pods;
			sourceTree = "<group>";
		};
		575207389A9B30806BA66E7C /* Frameworks */ = {
			isa = PBXGroup;
			children = (
				54342DEEF16BAA10FF651554 /* Pods_402Proj.framework */,
				61B0683DD0A5FF65843AEEFA /* Pods_402ProjTests.framework */,
				4B24F80721DA7ABA6E64AAA1 /* Pods_402ProjUITests.framework */,
			);
			name = Frameworks;
			sourceTree = "<group>";
		};
		FC9A5FD3201EF3C5007144B5 /* View Controllers */ = {
			isa = PBXGroup;
			children = (
				FC9A5FD1201EF3BB007144B5 /* UserViewController.swift */,
				FC9A5FD420200BE6007144B5 /* UserViewControllerAlly.swift */,
				FC9A5FD620200D6A007144B5 /* UserViewControllerEducation.swift */,
				FC9A5FD820200DF8007144B5 /* UserViewControllerLegal.swift */,
				FC9A5FDC20201187007144B5 /* UserViewControllerUndocumented.swift */,
				FC9A5FDA20200E7E007144B5 /* UserViewControllerChildren.swift */,
				FC9A5FDE20201205007144B5 /* UserViewControllerShelter.swift */,
				FC7E50C3203A82D800F16ED6 /* UserViewControllerSettings.swift */,
			);
			path = "View Controllers";
			sourceTree = "<group>";
		};
		FCD70F9C201EA31C0017374D = {
			isa = PBXGroup;
			children = (
				FCD70FA7201EA31C0017374D /* 402Proj */,
				FCD70FBC201EA31C0017374D /* 402ProjTests */,
				FCD70FC7201EA31C0017374D /* 402ProjUITests */,
				FCD70FA6201EA31C0017374D /* Products */,
				4C5935C802FE6D3E510C29D5 /* Pods */,
				575207389A9B30806BA66E7C /* Frameworks */,
			);
			sourceTree = "<group>";
		};
		FCD70FA6201EA31C0017374D /* Products */ = {
			isa = PBXGroup;
			children = (
				FCD70FA5201EA31C0017374D /* 402Proj.app */,
				FCD70FB9201EA31C0017374D /* 402ProjTests.xctest */,
				FCD70FC4201EA31C0017374D /* 402ProjUITests.xctest */,
			);
			name = Products;
			sourceTree = "<group>";
		};
		FCD70FA7201EA31C0017374D /* 402Proj */ = {
			isa = PBXGroup;
			children = (
				FC9A5FD3201EF3C5007144B5 /* View Controllers */,
				FCD70FA8201EA31C0017374D /* AppDelegate.swift */,
				FCD70FAA201EA31C0017374D /* ViewController.swift */,
				FCD70FAC201EA31C0017374D /* Main.storyboard */,
				FCD70FAF201EA31C0017374D /* Assets.xcassets */,
				FCD70FB1201EA31C0017374D /* LaunchScreen.storyboard */,
				FCD70FB4201EA31C0017374D /* Info.plist */,
			);
			path = 402Proj;
			sourceTree = "<group>";
		};
		FCD70FBC201EA31C0017374D /* 402ProjTests */ = {
			isa = PBXGroup;
			children = (
				FCD70FBD201EA31C0017374D /* _02ProjTests.swift */,
				FCD70FBF201EA31C0017374D /* Info.plist */,
			);
			path = 402ProjTests;
			sourceTree = "<group>";
		};
		FCD70FC7201EA31C0017374D /* 402ProjUITests */ = {
			isa = PBXGroup;
			children = (
				FCD70FC8201EA31C0017374D /* _02ProjUITests.swift */,
				FCD70FCA201EA31C0017374D /* Info.plist */,
			);
			path = 402ProjUITests;
			sourceTree = "<group>";
		};
/* End PBXGroup section */

/* Begin PBXNativeTarget section */
		FCD70FA4201EA31C0017374D /* 402Proj */ = {
			isa = PBXNativeTarget;
			buildConfigurationList = FCD70FCD201EA31C0017374D /* Build configuration list for PBXNativeTarget "402Proj" */;
			buildPhases = (
				D239AF04D7691B2FFCF5FA78 /* [CP] Check Pods Manifest.lock */,
				FCD70FA1201EA31C0017374D /* Sources */,
				FCD70FA2201EA31C0017374D /* Frameworks */,
				FCD70FA3201EA31C0017374D /* Resources */,
				53F5B344947E5C1D42E97590 /* [CP] Embed Pods Frameworks */,
				5F3EBA7CFA3CE0B191F1E9BA /* [CP] Copy Pods Resources */,
			);
			buildRules = (
			);
			dependencies = (
			);
			name = 402Proj;
			productName = 402Proj;
			productReference = FCD70FA5201EA31C0017374D /* 402Proj.app */;
			productType = "com.apple.product-type.application";
		};
		FCD70FB8201EA31C0017374D /* 402ProjTests */ = {
			isa = PBXNativeTarget;
			buildConfigurationList = FCD70FD0201EA31C0017374D /* Build configuration list for PBXNativeTarget "402ProjTests" */;
			buildPhases = (
				4772A6F7095F243744E7B10B /* [CP] Check Pods Manifest.lock */,
				FCD70FB5201EA31C0017374D /* Sources */,
				FCD70FB6201EA31C0017374D /* Frameworks */,
				FCD70FB7201EA31C0017374D /* Resources */,
				39F7358615954FC077E7650F /* [CP] Embed Pods Frameworks */,
				5E5FB95EDAAE6363E410369D /* [CP] Copy Pods Resources */,
			);
			buildRules = (
			);
			dependencies = (
				FCD70FBB201EA31C0017374D /* PBXTargetDependency */,
			);
			name = 402ProjTests;
			productName = 402ProjTests;
			productReference = FCD70FB9201EA31C0017374D /* 402ProjTests.xctest */;
			productType = "com.apple.product-type.bundle.unit-test";
		};
		FCD70FC3201EA31C0017374D /* 402ProjUITests */ = {
			isa = PBXNativeTarget;
			buildConfigurationList = FCD70FD3201EA31C0017374D /* Build configuration list for PBXNativeTarget "402ProjUITests" */;
			buildPhases = (
				58C8AC6A3E7388B3C9F4516C /* [CP] Check Pods Manifest.lock */,
				FCD70FC0201EA31C0017374D /* Sources */,
				FCD70FC1201EA31C0017374D /* Frameworks */,
				FCD70FC2201EA31C0017374D /* Resources */,
				39A1211CC7A2BC62E77FA951 /* [CP] Embed Pods Frameworks */,
				70B21E6E61D0BEC9A7100B51 /* [CP] Copy Pods Resources */,
			);
			buildRules = (
			);
			dependencies = (
				FCD70FC6201EA31C0017374D /* PBXTargetDependency */,
			);
			name = 402ProjUITests;
			productName = 402ProjUITests;
			productReference = FCD70FC4201EA31C0017374D /* 402ProjUITests.xctest */;
			productType = "com.apple.product-type.bundle.ui-testing";
		};
/* End PBXNativeTarget section */

/* Begin PBXProject section */
		FCD70F9D201EA31C0017374D /* Project object */ = {
			isa = PBXProject;
			attributes = {
				LastSwiftUpdateCheck = 0920;
				LastUpgradeCheck = 0920;
				ORGANIZATIONNAME = "Mackenzie Tjogas";
				TargetAttributes = {
					FCD70FA4201EA31C0017374D = {
						CreatedOnToolsVersion = 9.2;
						ProvisioningStyle = Automatic;
					};
					FCD70FB8201EA31C0017374D = {
						CreatedOnToolsVersion = 9.2;
						ProvisioningStyle = Automatic;
						TestTargetID = FCD70FA4201EA31C0017374D;
					};
					FCD70FC3201EA31C0017374D = {
						CreatedOnToolsVersion = 9.2;
						ProvisioningStyle = Automatic;
						TestTargetID = FCD70FA4201EA31C0017374D;
					};
				};
			};
			buildConfigurationList = FCD70FA0201EA31C0017374D /* Build configuration list for PBXProject "402Proj" */;
			compatibilityVersion = "Xcode 8.0";
			developmentRegion = en;
			hasScannedForEncodings = 0;
			knownRegions = (
				en,
				Base,
			);
			mainGroup = FCD70F9C201EA31C0017374D;
			productRefGroup = FCD70FA6201EA31C0017374D /* Products */;
			projectDirPath = "";
			projectRoot = "";
			targets = (
				FCD70FA4201EA31C0017374D /* 402Proj */,
				FCD70FB8201EA31C0017374D /* 402ProjTests */,
				FCD70FC3201EA31C0017374D /* 402ProjUITests */,
			);
		};
/* End PBXProject section */

/* Begin PBXResourcesBuildPhase section */
		FCD70FA3201EA31C0017374D /* Resources */ = {
			isa = PBXResourcesBuildPhase;
			buildActionMask = 2147483647;
			files = (
				FCD70FB3201EA31C0017374D /* LaunchScreen.storyboard in Resources */,
				FCD70FB0201EA31C0017374D /* Assets.xcassets in Resources */,
				FCD70FAE201EA31C0017374D /* Main.storyboard in Resources */,
			);
			runOnlyForDeploymentPostprocessing = 0;
		};
		FCD70FB7201EA31C0017374D /* Resources */ = {
			isa = PBXResourcesBuildPhase;
			buildActionMask = 2147483647;
			files = (
			);
			runOnlyForDeploymentPostprocessing = 0;
		};
		FCD70FC2201EA31C0017374D /* Resources */ = {
			isa = PBXResourcesBuildPhase;
			buildActionMask = 2147483647;
			files = (
			);
			runOnlyForDeploymentPostprocessing = 0;
		};
/* End PBXResourcesBuildPhase section */

/* Begin PBXShellScriptBuildPhase section */
		39A1211CC7A2BC62E77FA951 /* [CP] Embed Pods Frameworks */ = {
			isa = PBXShellScriptBuildPhase;
			buildActionMask = 2147483647;
			files = (
			);
			inputPaths = (
			);
			name = "[CP] Embed Pods Frameworks";
			outputPaths = (
			);
			runOnlyForDeploymentPostprocessing = 0;
			shellPath = /bin/sh;
			shellScript = "\"${SRCROOT}/Pods/Target Support Files/Pods-402ProjUITests/Pods-402ProjUITests-frameworks.sh\"\n";
			showEnvVarsInLog = 0;
		};
		39F7358615954FC077E7650F /* [CP] Embed Pods Frameworks */ = {
			isa = PBXShellScriptBuildPhase;
			buildActionMask = 2147483647;
			files = (
			);
			inputPaths = (
			);
			name = "[CP] Embed Pods Frameworks";
			outputPaths = (
			);
			runOnlyForDeploymentPostprocessing = 0;
			shellPath = /bin/sh;
			shellScript = "\"${SRCROOT}/Pods/Target Support Files/Pods-402ProjTests/Pods-402ProjTests-frameworks.sh\"\n";
			showEnvVarsInLog = 0;
		};
		4772A6F7095F243744E7B10B /* [CP] Check Pods Manifest.lock */ = {
			isa = PBXShellScriptBuildPhase;
			buildActionMask = 2147483647;
			files = (
			);
			inputPaths = (
				"${PODS_PODFILE_DIR_PATH}/Podfile.lock",
				"${PODS_ROOT}/Manifest.lock",
			);
			name = "[CP] Check Pods Manifest.lock";
			outputPaths = (
				"$(DERIVED_FILE_DIR)/Pods-402ProjTests-checkManifestLockResult.txt",
			);
			runOnlyForDeploymentPostprocessing = 0;
			shellPath = /bin/sh;
			shellScript = "diff \"${PODS_PODFILE_DIR_PATH}/Podfile.lock\" \"${PODS_ROOT}/Manifest.lock\" > /dev/null\nif [ $? != 0 ] ; then\n    # print error to STDERR\n    echo \"error: The sandbox is not in sync with the Podfile.lock. Run 'pod install' or update your CocoaPods installation.\" >&2\n    exit 1\nfi\n# This output is used by Xcode 'outputs' to avoid re-running this script phase.\necho \"SUCCESS\" > \"${SCRIPT_OUTPUT_FILE_0}\"\n";
			showEnvVarsInLog = 0;
		};
		53F5B344947E5C1D42E97590 /* [CP] Embed Pods Frameworks */ = {
			isa = PBXShellScriptBuildPhase;
			buildActionMask = 2147483647;
			files = (
			);
			inputPaths = (
				"${SRCROOT}/Pods/Target Support Files/Pods-402Proj/Pods-402Proj-frameworks.sh",
				"${BUILT_PRODUCTS_DIR}/Alamofire/Alamofire.framework",
				"${BUILT_PRODUCTS_DIR}/SVProgressHUD/SVProgressHUD.framework",
				"${BUILT_PRODUCTS_DIR}/SwiftyJSON/SwiftyJSON.framework",
			);
			name = "[CP] Embed Pods Frameworks";
			outputPaths = (
				"${TARGET_BUILD_DIR}/${FRAMEWORKS_FOLDER_PATH}/Alamofire.framework",
				"${TARGET_BUILD_DIR}/${FRAMEWORKS_FOLDER_PATH}/SVProgressHUD.framework",
				"${TARGET_BUILD_DIR}/${FRAMEWORKS_FOLDER_PATH}/SwiftyJSON.framework",
			);
			runOnlyForDeploymentPostprocessing = 0;
			shellPath = /bin/sh;
			shellScript = "\"${SRCROOT}/Pods/Target Support Files/Pods-402Proj/Pods-402Proj-frameworks.sh\"\n";
			showEnvVarsInLog = 0;
		};
		58C8AC6A3E7388B3C9F4516C /* [CP] Check Pods Manifest.lock */ = {
			isa = PBXShellScriptBuildPhase;
			buildActionMask = 2147483647;
			files = (
			);
			inputPaths = (
				"${PODS_PODFILE_DIR_PATH}/Podfile.lock",
				"${PODS_ROOT}/Manifest.lock",
			);
			name = "[CP] Check Pods Manifest.lock";
			outputPaths = (
				"$(DERIVED_FILE_DIR)/Pods-402ProjUITests-checkManifestLockResult.txt",
			);
			runOnlyForDeploymentPostprocessing = 0;
			shellPath = /bin/sh;
			shellScript = "diff \"${PODS_PODFILE_DIR_PATH}/Podfile.lock\" \"${PODS_ROOT}/Manifest.lock\" > /dev/null\nif [ $? != 0 ] ; then\n    # print error to STDERR\n    echo \"error: The sandbox is not in sync with the Podfile.lock. Run 'pod install' or update your CocoaPods installation.\" >&2\n    exit 1\nfi\n# This output is used by Xcode 'outputs' to avoid re-running this script phase.\necho \"SUCCESS\" > \"${SCRIPT_OUTPUT_FILE_0}\"\n";
			showEnvVarsInLog = 0;
		};
		5E5FB95EDAAE6363E410369D /* [CP] Copy Pods Resources */ = {
			isa = PBXShellScriptBuildPhase;
			buildActionMask = 2147483647;
			files = (
			);
			inputPaths = (
			);
			name = "[CP] Copy Pods Resources";
			outputPaths = (
			);
			runOnlyForDeploymentPostprocessing = 0;
			shellPath = /bin/sh;
			shellScript = "\"${SRCROOT}/Pods/Target Support Files/Pods-402ProjTests/Pods-402ProjTests-resources.sh\"\n";
			showEnvVarsInLog = 0;
		};
		5F3EBA7CFA3CE0B191F1E9BA /* [CP] Copy Pods Resources */ = {
			isa = PBXShellScriptBuildPhase;
			buildActionMask = 2147483647;
			files = (
			);
			inputPaths = (
			);
			name = "[CP] Copy Pods Resources";
			outputPaths = (
			);
			runOnlyForDeploymentPostprocessing = 0;
			shellPath = /bin/sh;
			shellScript = "\"${SRCROOT}/Pods/Target Support Files/Pods-402Proj/Pods-402Proj-resources.sh\"\n";
			showEnvVarsInLog = 0;
		};
		70B21E6E61D0BEC9A7100B51 /* [CP] Copy Pods Resources */ = {
			isa = PBXShellScriptBuildPhase;
			buildActionMask = 2147483647;
			files = (
			);
			inputPaths = (
			);
			name = "[CP] Copy Pods Resources";
			outputPaths = (
			);
			runOnlyForDeploymentPostprocessing = 0;
			shellPath = /bin/sh;
			shellScript = "\"${SRCROOT}/Pods/Target Support Files/Pods-402ProjUITests/Pods-402ProjUITests-resources.sh\"\n";
			showEnvVarsInLog = 0;
		};
		D239AF04D7691B2FFCF5FA78 /* [CP] Check Pods Manifest.lock */ = {
			isa = PBXShellScriptBuildPhase;
			buildActionMask = 2147483647;
			files = (
			);
			inputPaths = (
				"${PODS_PODFILE_DIR_PATH}/Podfile.lock",
				"${PODS_ROOT}/Manifest.lock",
			);
			name = "[CP] Check Pods Manifest.lock";
			outputPaths = (
				"$(DERIVED_FILE_DIR)/Pods-402Proj-checkManifestLockResult.txt",
			);
			runOnlyForDeploymentPostprocessing = 0;
			shellPath = /bin/sh;
			shellScript = "diff \"${PODS_PODFILE_DIR_PATH}/Podfile.lock\" \"${PODS_ROOT}/Manifest.lock\" > /dev/null\nif [ $? != 0 ] ; then\n    # print error to STDERR\n    echo \"error: The sandbox is not in sync with the Podfile.lock. Run 'pod install' or update your CocoaPods installation.\" >&2\n    exit 1\nfi\n# This output is used by Xcode 'outputs' to avoid re-running this script phase.\necho \"SUCCESS\" > \"${SCRIPT_OUTPUT_FILE_0}\"\n";
			showEnvVarsInLog = 0;
		};
/* End PBXShellScriptBuildPhase section */

/* Begin PBXSourcesBuildPhase section */
		FCD70FA1201EA31C0017374D /* Sources */ = {
			isa = PBXSourcesBuildPhase;
			buildActionMask = 2147483647;
			files = (
				FC7E50C4203A82D800F16ED6 /* UserViewControllerSettings.swift in Sources */,
				FC9A5FDD20201187007144B5 /* UserViewControllerUndocumented.swift in Sources */,
				FCD70FAB201EA31C0017374D /* ViewController.swift in Sources */,
				FC9A5FD2201EF3BB007144B5 /* UserViewController.swift in Sources */,
				FC9A5FDF20201205007144B5 /* UserViewControllerShelter.swift in Sources */,
				FCD70FA9201EA31C0017374D /* AppDelegate.swift in Sources */,
				FC9A5FD920200DF8007144B5 /* UserViewControllerLegal.swift in Sources */,
				FC9A5FD520200BE6007144B5 /* UserViewControllerAlly.swift in Sources */,
				FC9A5FD720200D6A007144B5 /* UserViewControllerEducation.swift in Sources */,
				FC9A5FDB20200E7E007144B5 /* UserViewControllerChildren.swift in Sources */,
			);
			runOnlyForDeploymentPostprocessing = 0;
		};
		FCD70FB5201EA31C0017374D /* Sources */ = {
			isa = PBXSourcesBuildPhase;
			buildActionMask = 2147483647;
			files = (
				FCD70FBE201EA31C0017374D /* _02ProjTests.swift in Sources */,
			);
			runOnlyForDeploymentPostprocessing = 0;
		};
		FCD70FC0201EA31C0017374D /* Sources */ = {
			isa = PBXSourcesBuildPhase;
			buildActionMask = 2147483647;
			files = (
				FCD70FC9201EA31C0017374D /* _02ProjUITests.swift in Sources */,
			);
			runOnlyForDeploymentPostprocessing = 0;
		};
/* End PBXSourcesBuildPhase section */

/* Begin PBXTargetDependency section */
		FCD70FBB201EA31C0017374D /* PBXTargetDependency */ = {
			isa = PBXTargetDependency;
			target = FCD70FA4201EA31C0017374D /* 402Proj */;
			targetProxy = FCD70FBA201EA31C0017374D /* PBXContainerItemProxy */;
		};
		FCD70FC6201EA31C0017374D /* PBXTargetDependency */ = {
			isa = PBXTargetDependency;
			target = FCD70FA4201EA31C0017374D /* 402Proj */;
			targetProxy = FCD70FC5201EA31C0017374D /* PBXContainerItemProxy */;
		};
/* End PBXTargetDependency section */

/* Begin PBXVariantGroup section */
		FCD70FAC201EA31C0017374D /* Main.storyboard */ = {
			isa = PBXVariantGroup;
			children = (
				FCD70FAD201EA31C0017374D /* Base */,
			);
			name = Main.storyboard;
			sourceTree = "<group>";
		};
		FCD70FB1201EA31C0017374D /* LaunchScreen.storyboard */ = {
			isa = PBXVariantGroup;
			children = (
				FCD70FB2201EA31C0017374D /* Base */,
			);
			name = LaunchScreen.storyboard;
			sourceTree = "<group>";
		};
/* End PBXVariantGroup section */

/* Begin XCBuildConfiguration section */
		FCD70FCB201EA31C0017374D /* Debug */ = {
			isa = XCBuildConfiguration;
			buildSettings = {
				ALWAYS_SEARCH_USER_PATHS = NO;
				CLANG_ANALYZER_NONNULL = YES;
				CLANG_ANALYZER_NUMBER_OBJECT_CONVERSION = YES_AGGRESSIVE;
				CLANG_CXX_LANGUAGE_STANDARD = "gnu++14";
				CLANG_CXX_LIBRARY = "libc++";
				CLANG_ENABLE_MODULES = YES;
				CLANG_ENABLE_OBJC_ARC = YES;
				CLANG_WARN_BLOCK_CAPTURE_AUTORELEASING = YES;
				CLANG_WARN_BOOL_CONVERSION = YES;
				CLANG_WARN_COMMA = YES;
				CLANG_WARN_CONSTANT_CONVERSION = YES;
				CLANG_WARN_DIRECT_OBJC_ISA_USAGE = YES_ERROR;
				CLANG_WARN_DOCUMENTATION_COMMENTS = YES;
				CLANG_WARN_EMPTY_BODY = YES;
				CLANG_WARN_ENUM_CONVERSION = YES;
				CLANG_WARN_INFINITE_RECURSION = YES;
				CLANG_WARN_INT_CONVERSION = YES;
				CLANG_WARN_NON_LITERAL_NULL_CONVERSION = YES;
				CLANG_WARN_OBJC_LITERAL_CONVERSION = YES;
				CLANG_WARN_OBJC_ROOT_CLASS = YES_ERROR;
				CLANG_WARN_RANGE_LOOP_ANALYSIS = YES;
				CLANG_WARN_STRICT_PROTOTYPES = YES;
				CLANG_WARN_SUSPICIOUS_MOVE = YES;
				CLANG_WARN_UNGUARDED_AVAILABILITY = YES_AGGRESSIVE;
				CLANG_WARN_UNREACHABLE_CODE = YES;
				CLANG_WARN__DUPLICATE_METHOD_MATCH = YES;
				CODE_SIGN_IDENTITY = "iPhone Developer";
				COPY_PHASE_STRIP = NO;
				DEBUG_INFORMATION_FORMAT = dwarf;
				ENABLE_STRICT_OBJC_MSGSEND = YES;
				ENABLE_TESTABILITY = YES;
				GCC_C_LANGUAGE_STANDARD = gnu11;
				GCC_DYNAMIC_NO_PIC = NO;
				GCC_NO_COMMON_BLOCKS = YES;
				GCC_OPTIMIZATION_LEVEL = 0;
				GCC_PREPROCESSOR_DEFINITIONS = (
					"DEBUG=1",
					"$(inherited)",
				);
				GCC_WARN_64_TO_32_BIT_CONVERSION = YES;
				GCC_WARN_ABOUT_RETURN_TYPE = YES_ERROR;
				GCC_WARN_UNDECLARED_SELECTOR = YES;
				GCC_WARN_UNINITIALIZED_AUTOS = YES_AGGRESSIVE;
				GCC_WARN_UNUSED_FUNCTION = YES;
				GCC_WARN_UNUSED_VARIABLE = YES;
				IPHONEOS_DEPLOYMENT_TARGET = 11.2;
				MTL_ENABLE_DEBUG_INFO = YES;
				ONLY_ACTIVE_ARCH = YES;
				SDKROOT = iphoneos;
				SWIFT_ACTIVE_COMPILATION_CONDITIONS = DEBUG;
				SWIFT_OPTIMIZATION_LEVEL = "-Onone";
			};
			name = Debug;
		};
		FCD70FCC201EA31C0017374D /* Release */ = {
			isa = XCBuildConfiguration;
			buildSettings = {
				ALWAYS_SEARCH_USER_PATHS = NO;
				CLANG_ANALYZER_NONNULL = YES;
				CLANG_ANALYZER_NUMBER_OBJECT_CONVERSION = YES_AGGRESSIVE;
				CLANG_CXX_LANGUAGE_STANDARD = "gnu++14";
				CLANG_CXX_LIBRARY = "libc++";
				CLANG_ENABLE_MODULES = YES;
				CLANG_ENABLE_OBJC_ARC = YES;
				CLANG_WARN_BLOCK_CAPTURE_AUTORELEASING = YES;
				CLANG_WARN_BOOL_CONVERSION = YES;
				CLANG_WARN_COMMA = YES;
				CLANG_WARN_CONSTANT_CONVERSION = YES;
				CLANG_WARN_DIRECT_OBJC_ISA_USAGE = YES_ERROR;
				CLANG_WARN_DOCUMENTATION_COMMENTS = YES;
				CLANG_WARN_EMPTY_BODY = YES;
				CLANG_WARN_ENUM_CONVERSION = YES;
				CLANG_WARN_INFINITE_RECURSION = YES;
				CLANG_WARN_INT_CONVERSION = YES;
				CLANG_WARN_NON_LITERAL_NULL_CONVERSION = YES;
				CLANG_WARN_OBJC_LITERAL_CONVERSION = YES;
				CLANG_WARN_OBJC_ROOT_CLASS = YES_ERROR;
				CLANG_WARN_RANGE_LOOP_ANALYSIS = YES;
				CLANG_WARN_STRICT_PROTOTYPES = YES;
				CLANG_WARN_SUSPICIOUS_MOVE = YES;
				CLANG_WARN_UNGUARDED_AVAILABILITY = YES_AGGRESSIVE;
				CLANG_WARN_UNREACHABLE_CODE = YES;
				CLANG_WARN__DUPLICATE_METHOD_MATCH = YES;
				CODE_SIGN_IDENTITY = "iPhone Developer";
				COPY_PHASE_STRIP = NO;
				DEBUG_INFORMATION_FORMAT = "dwarf-with-dsym";
				ENABLE_NS_ASSERTIONS = NO;
				ENABLE_STRICT_OBJC_MSGSEND = YES;
				GCC_C_LANGUAGE_STANDARD = gnu11;
				GCC_NO_COMMON_BLOCKS = YES;
				GCC_WARN_64_TO_32_BIT_CONVERSION = YES;
				GCC_WARN_ABOUT_RETURN_TYPE = YES_ERROR;
				GCC_WARN_UNDECLARED_SELECTOR = YES;
				GCC_WARN_UNINITIALIZED_AUTOS = YES_AGGRESSIVE;
				GCC_WARN_UNUSED_FUNCTION = YES;
				GCC_WARN_UNUSED_VARIABLE = YES;
				IPHONEOS_DEPLOYMENT_TARGET = 11.2;
				MTL_ENABLE_DEBUG_INFO = NO;
				SDKROOT = iphoneos;
				SWIFT_OPTIMIZATION_LEVEL = "-Owholemodule";
				VALIDATE_PRODUCT = YES;
			};
			name = Release;
		};
		FCD70FCE201EA31C0017374D /* Debug */ = {
			isa = XCBuildConfiguration;
			baseConfigurationReference = 4A76AABE795FB295D55CE65C /* Pods-402Proj.debug.xcconfig */;
			buildSettings = {
				ASSETCATALOG_COMPILER_APPICON_NAME = AppIcon;
				CODE_SIGN_STYLE = Automatic;
				DEVELOPMENT_TEAM = NHVSB33PLB;
				INFOPLIST_FILE = 402Proj/Info.plist;
				IPHONEOS_DEPLOYMENT_TARGET = 10.2;
				LD_RUNPATH_SEARCH_PATHS = "$(inherited) @executable_path/Frameworks";
				PRODUCT_BUNDLE_IDENTIFIER = "com.402Proj.-02Proj.Identifier";
				PRODUCT_NAME = "$(TARGET_NAME)";
				SWIFT_VERSION = 4.0;
				TARGETED_DEVICE_FAMILY = "1,2";
			};
			name = Debug;
		};
		FCD70FCF201EA31C0017374D /* Release */ = {
			isa = XCBuildConfiguration;
			baseConfigurationReference = 7FE9B798462890E2FAF14034 /* Pods-402Proj.release.xcconfig */;
			buildSettings = {
				ASSETCATALOG_COMPILER_APPICON_NAME = AppIcon;
				CODE_SIGN_STYLE = Automatic;
				DEVELOPMENT_TEAM = NHVSB33PLB;
				INFOPLIST_FILE = 402Proj/Info.plist;
				IPHONEOS_DEPLOYMENT_TARGET = 10.2;
				LD_RUNPATH_SEARCH_PATHS = "$(inherited) @executable_path/Frameworks";
				PRODUCT_BUNDLE_IDENTIFIER = "com.402Proj.-02Proj.Identifier";
				PRODUCT_NAME = "$(TARGET_NAME)";
				SWIFT_VERSION = 4.0;
				TARGETED_DEVICE_FAMILY = "1,2";
			};
			name = Release;
		};
		FCD70FD1201EA31C0017374D /* Debug */ = {
			isa = XCBuildConfiguration;
			baseConfigurationReference = 6B66CB3333E97DEC9FEC5F3D /* Pods-402ProjTests.debug.xcconfig */;
			buildSettings = {
				ALWAYS_EMBED_SWIFT_STANDARD_LIBRARIES = YES;
				BUNDLE_LOADER = "$(TEST_HOST)";
				CODE_SIGN_STYLE = Automatic;
				INFOPLIST_FILE = 402ProjTests/Info.plist;
				LD_RUNPATH_SEARCH_PATHS = "$(inherited) @executable_path/Frameworks @loader_path/Frameworks";
				PRODUCT_BUNDLE_IDENTIFIER = "com.402Proj.-02ProjTests";
				PRODUCT_NAME = "$(TARGET_NAME)";
				SWIFT_VERSION = 4.0;
				TARGETED_DEVICE_FAMILY = "1,2";
				TEST_HOST = "$(BUILT_PRODUCTS_DIR)/402Proj.app/402Proj";
			};
			name = Debug;
		};
		FCD70FD2201EA31C0017374D /* Release */ = {
			isa = XCBuildConfiguration;
			baseConfigurationReference = 3697253AED55EEDBFB8B1C74 /* Pods-402ProjTests.release.xcconfig */;
			buildSettings = {
				ALWAYS_EMBED_SWIFT_STANDARD_LIBRARIES = YES;
				BUNDLE_LOADER = "$(TEST_HOST)";
				CODE_SIGN_STYLE = Automatic;
				INFOPLIST_FILE = 402ProjTests/Info.plist;
				LD_RUNPATH_SEARCH_PATHS = "$(inherited) @executable_path/Frameworks @loader_path/Frameworks";
				PRODUCT_BUNDLE_IDENTIFIER = "com.402Proj.-02ProjTests";
				PRODUCT_NAME = "$(TARGET_NAME)";
				SWIFT_VERSION = 4.0;
				TARGETED_DEVICE_FAMILY = "1,2";
				TEST_HOST = "$(BUILT_PRODUCTS_DIR)/402Proj.app/402Proj";
			};
			name = Release;
		};
		FCD70FD4201EA31C0017374D /* Debug */ = {
			isa = XCBuildConfiguration;
			baseConfigurationReference = 8D2265F3AF3B0DABB2D133C3 /* Pods-402ProjUITests.debug.xcconfig */;
			buildSettings = {
				ALWAYS_EMBED_SWIFT_STANDARD_LIBRARIES = YES;
				CODE_SIGN_STYLE = Automatic;
				INFOPLIST_FILE = 402ProjUITests/Info.plist;
				LD_RUNPATH_SEARCH_PATHS = "$(inherited) @executable_path/Frameworks @loader_path/Frameworks";
				PRODUCT_BUNDLE_IDENTIFIER = "com.402Proj.-02ProjUITests";
				PRODUCT_NAME = "$(TARGET_NAME)";
				SWIFT_VERSION = 4.0;
				TARGETED_DEVICE_FAMILY = "1,2";
				TEST_TARGET_NAME = 402Proj;
			};
			name = Debug;
		};
		FCD70FD5201EA31C0017374D /* Release */ = {
			isa = XCBuildConfiguration;
			baseConfigurationReference = 07DB54AD7A0916D9A3E820D6 /* Pods-402ProjUITests.release.xcconfig */;
			buildSettings = {
				ALWAYS_EMBED_SWIFT_STANDARD_LIBRARIES = YES;
				CODE_SIGN_STYLE = Automatic;
				INFOPLIST_FILE = 402ProjUITests/Info.plist;
				LD_RUNPATH_SEARCH_PATHS = "$(inherited) @executable_path/Frameworks @loader_path/Frameworks";
				PRODUCT_BUNDLE_IDENTIFIER = "com.402Proj.-02ProjUITests";
				PRODUCT_NAME = "$(TARGET_NAME)";
				SWIFT_VERSION = 4.0;
				TARGETED_DEVICE_FAMILY = "1,2";
				TEST_TARGET_NAME = 402Proj;
			};
			name = Release;
		};
/* End XCBuildConfiguration section */

/* Begin XCConfigurationList section */
		FCD70FA0201EA31C0017374D /* Build configuration list for PBXProject "402Proj" */ = {
			isa = XCConfigurationList;
			buildConfigurations = (
				FCD70FCB201EA31C0017374D /* Debug */,
				FCD70FCC201EA31C0017374D /* Release */,
			);
			defaultConfigurationIsVisible = 0;
			defaultConfigurationName = Release;
		};
		FCD70FCD201EA31C0017374D /* Build configuration list for PBXNativeTarget "402Proj" */ = {
			isa = XCConfigurationList;
			buildConfigurations = (
				FCD70FCE201EA31C0017374D /* Debug */,
				FCD70FCF201EA31C0017374D /* Release */,
			);
			defaultConfigurationIsVisible = 0;
			defaultConfigurationName = Release;
		};
		FCD70FD0201EA31C0017374D /* Build configuration list for PBXNativeTarget "402ProjTests" */ = {
			isa = XCConfigurationList;
			buildConfigurations = (
				FCD70FD1201EA31C0017374D /* Debug */,
				FCD70FD2201EA31C0017374D /* Release */,
			);
			defaultConfigurationIsVisible = 0;
			defaultConfigurationName = Release;
		};
		FCD70FD3201EA31C0017374D /* Build configuration list for PBXNativeTarget "402ProjUITests" */ = {
			isa = XCConfigurationList;
			buildConfigurations = (
				FCD70FD4201EA31C0017374D /* Debug */,
				FCD70FD5201EA31C0017374D /* Release */,
			);
			defaultConfigurationIsVisible = 0;
			defaultConfigurationName = Release;
		};
/* End XCConfigurationList section */
	};
	rootObject = FCD70F9D201EA31C0017374D /* Project object */;
}
